PODS:
  - Alamofire (4.5.1)
  - GoogleMaps (2.4.0):
    - GoogleMaps/Maps (= 2.4.0)
  - GoogleMaps/Base (2.4.0)
  - GoogleMaps/Maps (2.4.0):
    - GoogleMaps/Base
  - HMSegmentedControl (1.5.4)
  - IQKeyboardManagerSwift (4.0.13)
  - SkyFloatingLabelTextField (3.2.0)
  - SwiftyJSON (4.0.0-alpha.1)
  - SWRevealViewController (2.3.0)

DEPENDENCIES:
  - Alamofire (~> 4.5)
  - GoogleMaps (~> 2.4)
  - HMSegmentedControl (~> 1.5)
  - IQKeyboardManagerSwift (~> 4.0)
  - SkyFloatingLabelTextField (~> 3.2)
  - SwiftyJSON (= 4.0.0-alpha.1)
  - SWRevealViewController (~> 2.3)

SPEC CHECKSUMS:
  Alamofire: 2d95912bf4c34f164fdfc335872e8c312acaea4a
  GoogleMaps: 8436ab5d1c25e36915b2f7416d0c8e3fa2e76c61
  HMSegmentedControl: b25bc4ec44766e073d62c473188fb354ee244b76
  IQKeyboardManagerSwift: fb399c4cddcd8d9bbcd2d0c7c81ed290b61c088e
  SkyFloatingLabelTextField: 4e2d2f7160af660ed1da6bb9d0027b5c474b4b79
  SwiftyJSON: dc88934f85fb50b263b1632b9cbad3402505783e
  SWRevealViewController: 6d3fd97f70112fd7cef9de14df4260eacce4c63a

PODFILE CHECKSUM: b6af4b7bbd246886575cdf8a0a36e1a553258100

COCOAPODS: 1.2.1
